github.com/Paca-AI/plugin-sdk-go v0.3.3 h1:nW2DwJatraYfxo4MpwNkfQEp+9jmj7QHaU16bOXzBpM=
github.com/Paca-AI/plugin-sdk-go v0.3.3/go.mod h1:5WeC6cSEf2wM1ovICZbDaVky9oi5id/Qpdfc5LDAQnw=
github.com/google/uuid v1.6.0 h1:NIvaJDMOsjHA8n1jAhLSgzrAzy1Hgr+hNrb57e+94F0=
github.com/google/uuid v1.6.0/go.mod h1:TIyPZe4MgqvfeYDBFedMoGGpEw/LqOeaOT+nhxU+yHo=
